
Microsoft Visual Studio Solution File, Format Version 12.00
# Visual Studio 15
VisualStudioVersion = 15.0.28010.2046
MinimumVisualStudioVersion = 10.0.40219.1
Project("{8BC9CEB8-8B4A-11D0-8D11-00A0C91BC942}") = "Bai5.1a", "Bai5.1a\Bai5.1a.vcxproj", "{14627854-F9F4-45F9-87A5-C40DFDB149A1}"
EndProject
Project("{8BC9CEB8-8B4A-11D0-8D11-00A0C91BC942}") = "Bai5.1b", "Bai5.1b\Bai5.1b.vcxproj", "{14A2460A-0432-427B-A68D-D2F028F99BE3}"
EndProject
Project("{8BC9CEB8-8B4A-11D0-8D11-00A0C91BC942}") = "Bai5.1c", "Bai5.1c\Bai5.1c.vcxproj", "{091BCECA-8BE1-4D9E-9AA8-89D010E2AB59}"
EndProject
Project("{8BC9CEB8-8B4A-11D0-8D11-00A0C91BC942}") = "Bai5.1d", "5.1d\5.1d.vcxproj", "{AD2B5A0A-9C2D-412C-AB24-389BFFB3DC02}"
EndProject
Project("{8BC9CEB8-8B4A-11D0-8D11-00A0C91BC942}") = "Bai5.2", "Bai5.2\Bai5.2.vcxproj", "{454E0AF4-4559-41A7-BF90-3303862EBD25}"
EndProject
Project("{8BC9CEB8-8B4A-11D0-8D11-00A0C91BC942}") = "Bai6", "Bai6\Bai6.vcxproj", "{FE5708FD-9B22-46AC-921C-9F6CDDF774F1}"
EndProject
Project("{8BC9CEB8-8B4A-11D0-8D11-00A0C91BC942}") = "Bai7", "Bai7\Bai7.vcxproj", "{C4DB2C31-B4C8-4E35-A23F-C0118AB6B740}"
EndProject
Project("{8BC9CEB8-8B4A-11D0-8D11-00A0C91BC942}") = "Bai8", "Bai8\Bai8.vcxproj", "{39D55C2A-00F8-4659-8BA9-97EE36536232}"
EndProject
Global
	GlobalSection(SolutionConfigurationPlatforms) = preSolution
		Debug|x64 = Debug|x64
		Debug|x86 = Debug|x86
		Release|x64 = Release|x64
		Release|x86 = Release|x86
	EndGlobalSection
	GlobalSection(ProjectConfigurationPlatforms) = postSolution
		{14627854-F9F4-45F9-87A5-C40DFDB149A1}.Debug|x64.ActiveCfg = Debug|x64
		{14627854-F9F4-45F9-87A5-C40DFDB149A1}.Debug|x64.Build.0 = Debug|x64
		{14627854-F9F4-45F9-87A5-C40DFDB149A1}.Debug|x86.ActiveCfg = Debug|Win32
		{14627854-F9F4-45F9-87A5-C40DFDB149A1}.Debug|x86.Build.0 = Debug|Win32
		{14627854-F9F4-45F9-87A5-C40DFDB149A1}.Release|x64.ActiveCfg = Release|x64
		{14627854-F9F4-45F9-87A5-C40DFDB149A1}.Release|x64.Build.0 = Release|x64
		{14627854-F9F4-45F9-87A5-C40DFDB149A1}.Release|x86.ActiveCfg = Release|Win32
		{14627854-F9F4-45F9-87A5-C40DFDB149A1}.Release|x86.Build.0 = Release|Win32
		{14A2460A-0432-427B-A68D-D2F028F99BE3}.Debug|x64.ActiveCfg = Debug|x64
		{14A2460A-0432-427B-A68D-D2F028F99BE3}.Debug|x64.Build.0 = Debug|x64
		{14A2460A-0432-427B-A68D-D2F028F99BE3}.Debug|x86.ActiveCfg = Debug|Win32
		{14A2460A-0432-427B-A68D-D2F028F99BE3}.Debug|x86.Build.0 = Debug|Win32
		{14A2460A-0432-427B-A68D-D2F028F99BE3}.Release|x64.ActiveCfg = Release|x64
		{14A2460A-0432-427B-A68D-D2F028F99BE3}.Release|x64.Build.0 = Release|x64
		{14A2460A-0432-427B-A68D-D2F028F99BE3}.Release|x86.ActiveCfg = Release|Win32
		{14A2460A-0432-427B-A68D-D2F028F99BE3}.Release|x86.Build.0 = Release|Win32
		{091BCECA-8BE1-4D9E-9AA8-89D010E2AB59}.Debug|x64.ActiveCfg = Debug|x64
		{091BCECA-8BE1-4D9E-9AA8-89D010E2AB59}.Debug|x64.Build.0 = Debug|x64
		{091BCECA-8BE1-4D9E-9AA8-89D010E2AB59}.Debug|x86.ActiveCfg = Debug|Win32
		{091BCECA-8BE1-4D9E-9AA8-89D010E2AB59}.Debug|x86.Build.0 = Debug|Win32
		{091BCECA-8BE1-4D9E-9AA8-89D010E2AB59}.Release|x64.ActiveCfg = Release|x64
		{091BCECA-8BE1-4D9E-9AA8-89D010E2AB59}.Release|x64.Build.0 = Release|x64
		{091BCECA-8BE1-4D9E-9AA8-89D010E2AB59}.Release|x86.ActiveCfg = Release|Win32
		{091BCECA-8BE1-4D9E-9AA8-89D010E2AB59}.Release|x86.Build.0 = Release|Win32
		{AD2B5A0A-9C2D-412C-AB24-389BFFB3DC02}.Debug|x64.ActiveCfg = Debug|x64
		{AD2B5A0A-9C2D-412C-AB24-389BFFB3DC02}.Debug|x64.Build.0 = Debug|x64
		{AD2B5A0A-9C2D-412C-AB24-389BFFB3DC02}.Debug|x86.ActiveCfg = Debug|Win32
		{AD2B5A0A-9C2D-412C-AB24-389BFFB3DC02}.Debug|x86.Build.0 = Debug|Win32
		{AD2B5A0A-9C2D-412C-AB24-389BFFB3DC02}.Release|x64.ActiveCfg = Release|x64
		{AD2B5A0A-9C2D-412C-AB24-389BFFB3DC02}.Release|x64.Build.0 = Release|x64
		{AD2B5A0A-9C2D-412C-AB24-389BFFB3DC02}.Release|x86.ActiveCfg = Release|Win32
		{AD2B5A0A-9C2D-412C-AB24-389BFFB3DC02}.Release|x86.Build.0 = Release|Win32
		{454E0AF4-4559-41A7-BF90-3303862EBD25}.Debug|x64.ActiveCfg = Debug|x64
		{454E0AF4-4559-41A7-BF90-3303862EBD25}.Debug|x64.Build.0 = Debug|x64
		{454E0AF4-4559-41A7-BF90-3303862EBD25}.Debug|x86.ActiveCfg = Debug|Win32
		{454E0AF4-4559-41A7-BF90-3303862EBD25}.Debug|x86.Build.0 = Debug|Win32
		{454E0AF4-4559-41A7-BF90-3303862EBD25}.Release|x64.ActiveCfg = Release|x64
		{454E0AF4-4559-41A7-BF90-3303862EBD25}.Release|x64.Build.0 = Release|x64
		{454E0AF4-4559-41A7-BF90-3303862EBD25}.Release|x86.ActiveCfg = Release|Win32
		{454E0AF4-4559-41A7-BF90-3303862EBD25}.Release|x86.Build.0 = Release|Win32
		{FE5708FD-9B22-46AC-921C-9F6CDDF774F1}.Debug|x64.ActiveCfg = Debug|x64
		{FE5708FD-9B22-46AC-921C-9F6CDDF774F1}.Debug|x64.Build.0 = Debug|x64
		{FE5708FD-9B22-46AC-921C-9F6CDDF774F1}.Debug|x86.ActiveCfg = Debug|Win32
		{FE5708FD-9B22-46AC-921C-9F6CDDF774F1}.Debug|x86.Build.0 = Debug|Win32
		{FE5708FD-9B22-46AC-921C-9F6CDDF774F1}.Release|x64.ActiveCfg = Release|x64
		{FE5708FD-9B22-46AC-921C-9F6CDDF774F1}.Release|x64.Build.0 = Release|x64
		{FE5708FD-9B22-46AC-921C-9F6CDDF774F1}.Release|x86.ActiveCfg = Release|Win32
		{FE5708FD-9B22-46AC-921C-9F6CDDF774F1}.Release|x86.Build.0 = Release|Win32
		{C4DB2C31-B4C8-4E35-A23F-C0118AB6B740}.Debug|x64.ActiveCfg = Debug|x64
		{C4DB2C31-B4C8-4E35-A23F-C0118AB6B740}.Debug|x64.Build.0 = Debug|x64
		{C4DB2C31-B4C8-4E35-A23F-C0118AB6B740}.Debug|x86.ActiveCfg = Debug|Win32
		{C4DB2C31-B4C8-4E35-A23F-C0118AB6B740}.Debug|x86.Build.0 = Debug|Win32
		{C4DB2C31-B4C8-4E35-A23F-C0118AB6B740}.Release|x64.ActiveCfg = Release|x64
		{C4DB2C31-B4C8-4E35-A23F-C0118AB6B740}.Release|x64.Build.0 = Release|x64
		{C4DB2C31-B4C8-4E35-A23F-C0118AB6B740}.Release|x86.ActiveCfg = Release|Win32
		{C4DB2C31-B4C8-4E35-A23F-C0118AB6B740}.Release|x86.Build.0 = Release|Win32
		{39D55C2A-00F8-4659-8BA9-97EE36536232}.Debug|x64.ActiveCfg = Debug|x64
		{39D55C2A-00F8-4659-8BA9-97EE36536232}.Debug|x64.Build.0 = Debug|x64
		{39D55C2A-00F8-4659-8BA9-97EE36536232}.Debug|x86.ActiveCfg = Debug|Win32
		{39D55C2A-00F8-4659-8BA9-97EE36536232}.Debug|x86.Build.0 = Debug|Win32
		{39D55C2A-00F8-4659-8BA9-97EE36536232}.Release|x64.ActiveCfg = Release|x64
		{39D55C2A-00F8-4659-8BA9-97EE36536232}.Release|x64.Build.0 = Release|x64
		{39D55C2A-00F8-4659-8BA9-97EE36536232}.Release|x86.ActiveCfg = Release|Win32
		{39D55C2A-00F8-4659-8BA9-97EE36536232}.Release|x86.Build.0 = Release|Win32
	EndGlobalSection
	GlobalSection(SolutionProperties) = preSolution
		HideSolutionNode = FALSE
	EndGlobalSection
	GlobalSection(ExtensibilityGlobals) = postSolution
		SolutionGuid = {FC3D23A8-61DE-4093-B2A4-72F11E8D3968}
	EndGlobalSection
EndGlobal
